// !$*UTF8*$!
{
	archiveVersion = 1;
	classes = {
	};
	objectVersion = 56;
	objects = {

/* Begin PBXBuildFile section */
		552D582E2B6571BB00D98D28 /* AFButton.swift in Sources */ = {isa = PBXBuildFile; fileRef = 552D582D2B6571BB00D98D28 /* AFButton.swift */; };
		552D58302B6573A900D98D28 /* FramworkGridViewModel.swift in Sources */ = {isa = PBXBuildFile; fileRef = 552D582F2B6573A900D98D28 /* FramworkGridViewModel.swift */; };
		552D58342B65E1C300D98D28 /* SafariView.swift in Sources */ = {isa = PBXBuildFile; fileRef = 552D58332B65E1C300D98D28 /* SafariView.swift */; };
		55882ACE2B5BF34D00069138 /* Apple_FrameworksApp.swift in Sources */ = {isa = PBXBuildFile; fileRef = 55882ACD2B5BF34D00069138 /* Apple_FrameworksApp.swift */; };
		55882AD22B5BF34F00069138 /* Assets.xcassets in Resources */ = {isa = PBXBuildFile; fileRef = 55882AD12B5BF34F00069138 /* Assets.xcassets */; };
		55882AD52B5BF34F00069138 /* Preview Assets.xcassets in Resources */ = {isa = PBXBuildFile; fileRef = 55882AD42B5BF34F00069138 /* Preview Assets.xcassets */; };
		55882ADF2B5BF35000069138 /* Apple_FrameworksTests.swift in Sources */ = {isa = PBXBuildFile; fileRef = 55882ADE2B5BF35000069138 /* Apple_FrameworksTests.swift */; };
		55882AE92B5BF35000069138 /* Apple_FrameworksUITests.swift in Sources */ = {isa = PBXBuildFile; fileRef = 55882AE82B5BF35000069138 /* Apple_FrameworksUITests.swift */; };
		55882AEB2B5BF35000069138 /* Apple_FrameworksUITestsLaunchTests.swift in Sources */ = {isa = PBXBuildFile; fileRef = 55882AEA2B5BF35000069138 /* Apple_FrameworksUITestsLaunchTests.swift */; };
		55882AF82B5BF36F00069138 /* Framework.swift in Sources */ = {isa = PBXBuildFile; fileRef = 55882AF72B5BF36F00069138 /* Framework.swift */; };
		55882AFC2B5C2A0600069138 /* FrameworkGridView.swift in Sources */ = {isa = PBXBuildFile; fileRef = 55882AFB2B5C2A0600069138 /* FrameworkGridView.swift */; };
		55882AFE2B5C2FC200069138 /* FrameworkDetailView.swift in Sources */ = {isa = PBXBuildFile; fileRef = 55882AFD2B5C2FC200069138 /* FrameworkDetailView.swift */; };
/* End PBXBuildFile section */

/* Begin PBXContainerItemProxy section */
		55882ADB2B5BF35000069138 /* PBXContainerItemProxy */ = {
			isa = PBXContainerItemProxy;
			containerPortal = 55882AC22B5BF34C00069138 /* Project object */;
			proxyType = 1;
			remoteGlobalIDString = 55882AC92B5BF34C00069138;
			remoteInfo = "Apple-Frameworks";
		};
		55882AE52B5BF35000069138 /* PBXContainerItemProxy */ = {
			isa = PBXContainerItemProxy;
			containerPortal = 55882AC22B5BF34C00069138 /* Project object */;
			proxyType = 1;
			remoteGlobalIDString = 55882AC92B5BF34C00069138;
			remoteInfo = "Apple-Frameworks";
		};
/* End PBXContainerItemProxy section */

/* Begin PBXFileReference section */
		552D582D2B6571BB00D98D28 /* AFButton.swift */ = {isa = PBXFileReference; lastKnownFileType = sourcecode.swift; path = AFButton.swift; sourceTree = "<group>"; };
		552D582F2B6573A900D98D28 /* FramworkGridViewModel.swift */ = {isa = PBXFileReference; lastKnownFileType = sourcecode.swift; path = FramworkGridViewModel.swift; sourceTree = "<group>"; };
		552D58332B65E1C300D98D28 /* SafariView.swift */ = {isa = PBXFileReference; lastKnownFileType = sourcecode.swift; path = SafariView.swift; sourceTree = "<group>"; };
		55882ACA2B5BF34D00069138 /* Apple-Frameworks.app */ = {isa = PBXFileReference; explicitFileType = wrapper.application; includeInIndex = 0; path = "Apple-Frameworks.app"; sourceTree = BUILT_PRODUCTS_DIR; };
		55882ACD2B5BF34D00069138 /* Apple_FrameworksApp.swift */ = {isa = PBXFileReference; lastKnownFileType = sourcecode.swift; path = Apple_FrameworksApp.swift; sourceTree = "<group>"; };
		55882AD12B5BF34F00069138 /* Assets.xcassets */ = {isa = PBXFileReference; lastKnownFileType = folder.assetcatalog; path = Assets.xcassets; sourceTree = "<group>"; };
		55882AD42B5BF34F00069138 /* Preview Assets.xcassets */ = {isa = PBXFileReference; lastKnownFileType = folder.assetcatalog; path = "Preview Assets.xcassets"; sourceTree = "<group>"; };
		55882ADA2B5BF35000069138 /* Apple-FrameworksTests.xctest */ = {isa = PBXFileReference; explicitFileType = wrapper.cfbundle; includeInIndex = 0; path = "Apple-FrameworksTests.xctest"; sourceTree = BUILT_PRODUCTS_DIR; };
		55882ADE2B5BF35000069138 /* Apple_FrameworksTests.swift */ = {isa = PBXFileReference; lastKnownFileType = sourcecode.swift; path = Apple_FrameworksTests.swift; sourceTree = "<group>"; };
		55882AE42B5BF35000069138 /* Apple-FrameworksUITests.xctest */ = {isa = PBXFileReference; explicitFileType = wrapper.cfbundle; includeInIndex = 0; path = "Apple-FrameworksUITests.xctest"; sourceTree = BUILT_PRODUCTS_DIR; };
		55882AE82B5BF35000069138 /* Apple_FrameworksUITests.swift */ = {isa = PBXFileReference; lastKnownFileType = sourcecode.swift; path = Apple_FrameworksUITests.swift; sourceTree = "<group>"; };
		55882AEA2B5BF35000069138 /* Apple_FrameworksUITestsLaunchTests.swift */ = {isa = PBXFileReference; lastKnownFileType = sourcecode.swift; path = Apple_FrameworksUITestsLaunchTests.swift; sourceTree = "<group>"; };
		55882AF72B5BF36F00069138 /* Framework.swift */ = {isa = PBXFileReference; lastKnownFileType = sourcecode.swift; path = Framework.swift; sourceTree = "<group>"; };
		55882AFB2B5C2A0600069138 /* FrameworkGridView.swift */ = {isa = PBXFileReference; lastKnownFileType = sourcecode.swift; path = FrameworkGridView.swift; sourceTree = "<group>"; };
		55882AFD2B5C2FC200069138 /* FrameworkDetailView.swift */ = {isa = PBXFileReference; lastKnownFileType = sourcecode.swift; path = FrameworkDetailView.swift; sourceTree = "<group>"; };
/* End PBXFileReference section */

/* Begin PBXFrameworksBuildPhase section */
		55882AC72B5BF34C00069138 /* Frameworks */ = {
			isa = PBXFrameworksBuildPhase;
			buildActionMask = 2147483647;
			files = (
			);
			runOnlyForDeploymentPostprocessing = 0;
		};
		55882AD72B5BF35000069138 /* Frameworks */ = {
			isa = PBXFrameworksBuildPhase;
			buildActionMask = 2147483647;
			files = (
			);
			runOnlyForDeploymentPostprocessing = 0;
		};
		55882AE12B5BF35000069138 /* Frameworks */ = {
			isa = PBXFrameworksBuildPhase;
			buildActionMask = 2147483647;
			files = (
			);
			runOnlyForDeploymentPostprocessing = 0;
		};
/* End PBXFrameworksBuildPhase section */

/* Begin PBXGroup section */
		55882AC12B5BF34C00069138 = {
			isa = PBXGroup;
			children = (
				55882ACC2B5BF34D00069138 /* Apple-Frameworks */,
				55882ADD2B5BF35000069138 /* Apple-FrameworksTests */,
				55882AE72B5BF35000069138 /* Apple-FrameworksUITests */,
				55882ACB2B5BF34D00069138 /* Products */,
			);
			sourceTree = "<group>";
		};
		55882ACB2B5BF34D00069138 /* Products */ = {
			isa = PBXGroup;
			children = (
				55882ACA2B5BF34D00069138 /* Apple-Frameworks.app */,
				55882ADA2B5BF35000069138 /* Apple-FrameworksTests.xctest */,
				55882AE42B5BF35000069138 /* Apple-FrameworksUITests.xctest */,
			);
			name = Products;
			sourceTree = "<group>";
		};
		55882ACC2B5BF34D00069138 /* Apple-Frameworks */ = {
			isa = PBXGroup;
			children = (
				55882ACD2B5BF34D00069138 /* Apple_FrameworksApp.swift */,
				55882AD12B5BF34F00069138 /* Assets.xcassets */,
				55882AFB2B5C2A0600069138 /* FrameworkGridView.swift */,
				552D582F2B6573A900D98D28 /* FramworkGridViewModel.swift */,
				55882AFD2B5C2FC200069138 /* FrameworkDetailView.swift */,
				552D58332B65E1C300D98D28 /* SafariView.swift */,
				552D582D2B6571BB00D98D28 /* AFButton.swift */,
				55882AD32B5BF34F00069138 /* Preview Content */,
				55882AF72B5BF36F00069138 /* Framework.swift */,
			);
			path = "Apple-Frameworks";
			sourceTree = "<group>";
		};
		55882AD32B5BF34F00069138 /* Preview Content */ = {
			isa = PBXGroup;
			children = (
				55882AD42B5BF34F00069138 /* Preview Assets.xcassets */,
			);
			path = "Preview Content";
			sourceTree = "<group>";
		};
		55882ADD2B5BF35000069138 /* Apple-FrameworksTests */ = {
			isa = PBXGroup;
			children = (
				55882ADE2B5BF35000069138 /* Apple_FrameworksTests.swift */,
			);
			path = "Apple-FrameworksTests";
			sourceTree = "<group>";
		};
		55882AE72B5BF35000069138 /* Apple-FrameworksUITests */ = {
			isa = PBXGroup;
			children = (
				55882AE82B5BF35000069138 /* Apple_FrameworksUITests.swift */,
				55882AEA2B5BF35000069138 /* Apple_FrameworksUITestsLaunchTests.swift */,
			);
			path = "Apple-FrameworksUITests";
			sourceTree = "<group>";
		};
/* End PBXGroup section */

/* Begin PBXNativeTarget section */
		55882AC92B5BF34C00069138 /* Apple-Frameworks */ = {
			isa = PBXNativeTarget;
			buildConfigurationList = 55882AEE2B5BF35000069138 /* Build configuration list for PBXNativeTarget "Apple-Frameworks" */;
			buildPhases = (
				55882AC62B5BF34C00069138 /* Sources */,
				55882AC72B5BF34C00069138 /* Frameworks */,
				55882AC82B5BF34C00069138 /* Resources */,
			);
			buildRules = (
			);
			dependencies = (
			);
			name = "Apple-Frameworks";
			productName = "Apple-Frameworks";
			productReference = 55882ACA2B5BF34D00069138 /* Apple-Frameworks.app */;
			productType = "com.apple.product-type.application";
		};
		55882AD92B5BF35000069138 /* Apple-FrameworksTests */ = {
			isa = PBXNativeTarget;
			buildConfigurationList = 55882AF12B5BF35000069138 /* Build configuration list for PBXNativeTarget "Apple-FrameworksTests" */;
			buildPhases = (
				55882AD62B5BF35000069138 /* Sources */,
				55882AD72B5BF35000069138 /* Frameworks */,
				55882AD82B5BF35000069138 /* Resources */,
			);
			buildRules = (
			);
			dependencies = (
				55882ADC2B5BF35000069138 /* PBXTargetDependency */,
			);
			name = "Apple-FrameworksTests";
			productName = "Apple-FrameworksTests";
			productReference = 55882ADA2B5BF35000069138 /* Apple-FrameworksTests.xctest */;
			productType = "com.apple.product-type.bundle.unit-test";
		};
		55882AE32B5BF35000069138 /* Apple-FrameworksUITests */ = {
			isa = PBXNativeTarget;
			buildConfigurationList = 55882AF42B5BF35000069138 /* Build configuration list for PBXNativeTarget "Apple-FrameworksUITests" */;
			buildPhases = (
				55882AE02B5BF35000069138 /* Sources */,
				55882AE12B5BF35000069138 /* Frameworks */,
				55882AE22B5BF35000069138 /* Resources */,
			);
			buildRules = (
			);
			dependencies = (
				55882AE62B5BF35000069138 /* PBXTargetDependency */,
			);
			name = "Apple-FrameworksUITests";
			productName = "Apple-FrameworksUITests";
			productReference = 55882AE42B5BF35000069138 /* Apple-FrameworksUITests.xctest */;
			productType = "com.apple.product-type.bundle.ui-testing";
		};
/* End PBXNativeTarget section */

/* Begin PBXProject section */
		55882AC22B5BF34C00069138 /* Project object */ = {
			isa = PBXProject;
			attributes = {
				BuildIndependentTargetsInParallel = 1;
				LastSwiftUpdateCheck = 1510;
				LastUpgradeCheck = 1510;
				TargetAttributes = {
					55882AC92B5BF34C00069138 = {
						CreatedOnToolsVersion = 15.1;
					};
					55882AD92B5BF35000069138 = {
						CreatedOnToolsVersion = 15.1;
						TestTargetID = 55882AC92B5BF34C00069138;
					};
					55882AE32B5BF35000069138 = {
						CreatedOnToolsVersion = 15.1;
						TestTargetID = 55882AC92B5BF34C00069138;
					};
				};
			};
			buildConfigurationList = 55882AC52B5BF34C00069138 /* Build configuration list for PBXProject "Apple-Frameworks" */;
			compatibilityVersion = "Xcode 14.0";
			developmentRegion = en;
			hasScannedForEncodings = 0;
			knownRegions = (
				en,
				Base,
			);
			mainGroup = 55882AC12B5BF34C00069138;
			productRefGroup = 55882ACB2B5BF34D00069138 /* Products */;
			projectDirPath = "";
			projectRoot = "";
			targets = (
				55882AC92B5BF34C00069138 /* Apple-Frameworks */,
				55882AD92B5BF35000069138 /* Apple-FrameworksTests */,
				55882AE32B5BF35000069138 /* Apple-FrameworksUITests */,
			);
		};
/* End PBXProject section */

/* Begin PBXResourcesBuildPhase section */
		55882AC82B5BF34C00069138 /* Resources */ = {
			isa = PBXResourcesBuildPhase;
			buildActionMask = 2147483647;
			files = (
				55882AD52B5BF34F00069138 /* Preview Assets.xcassets in Resources */,
				55882AD22B5BF34F00069138 /* Assets.xcassets in Resources */,
			);
			runOnlyForDeploymentPostprocessing = 0;
		};
		55882AD82B5BF35000069138 /* Resources */ = {
			isa = PBXResourcesBuildPhase;
			buildActionMask = 2147483647;
			files = (
			);
			runOnlyForDeploymentPostprocessing = 0;
		};
		55882AE22B5BF35000069138 /* Resources */ = {
			isa = PBXResourcesBuildPhase;
			buildActionMask = 2147483647;
			files = (
			);
			runOnlyForDeploymentPostprocessing = 0;
		};
/* End PBXResourcesBuildPhase section */

/* Begin PBXSourcesBuildPhase section */
		55882AC62B5BF34C00069138 /* Sources */ = {
			isa = PBXSourcesBuildPhase;
			buildActionMask = 2147483647;
			files = (
				55882AFE2B5C2FC200069138 /* FrameworkDetailView.swift in Sources */,
				55882AFC2B5C2A0600069138 /* FrameworkGridView.swift in Sources */,
				55882AF82B5BF36F00069138 /* Framework.swift in Sources */,
				552D582E2B6571BB00D98D28 /* AFButton.swift in Sources */,
				55882ACE2B5BF34D00069138 /* Apple_FrameworksApp.swift in Sources */,
				552D58302B6573A900D98D28 /* FramworkGridViewModel.swift in Sources */,
				552D58342B65E1C300D98D28 /* SafariView.swift in Sources */,
			);
			runOnlyForDeploymentPostprocessing = 0;
		};
		55882AD62B5BF35000069138 /* Sources */ = {
			isa = PBXSourcesBuildPhase;
			buildActionMask = 2147483647;
			files = (
				55882ADF2B5BF35000069138 /* Apple_FrameworksTests.swift in Sources */,
			);
			runOnlyForDeploymentPostprocessing = 0;
		};
		55882AE02B5BF35000069138 /* Sources */ = {
			isa = PBXSourcesBuildPhase;
			buildActionMask = 2147483647;
			files = (
				55882AEB2B5BF35000069138 /* Apple_FrameworksUITestsLaunchTests.swift in Sources */,
				55882AE92B5BF35000069138 /* Apple_FrameworksUITests.swift in Sources */,
			);
			runOnlyForDeploymentPostprocessing = 0;
		};
/* End PBXSourcesBuildPhase section */

/* Begin PBXTargetDependency section */
		55882ADC2B5BF35000069138 /* PBXTargetDependency */ = {
			isa = PBXTargetDependency;
			target = 55882AC92B5BF34C00069138 /* Apple-Frameworks */;
			targetProxy = 55882ADB2B5BF35000069138 /* PBXContainerItemProxy */;
		};
		55882AE62B5BF35000069138 /* PBXTargetDependency */ = {
			isa = PBXTargetDependency;
			target = 55882AC92B5BF34C00069138 /* Apple-Frameworks */;
			targetProxy = 55882AE52B5BF35000069138 /* PBXContainerItemProxy */;
		};
/* End PBXTargetDependency section */

/* Begin XCBuildConfiguration section */
		55882AEC2B5BF35000069138 /* Debug */ = {
			isa = XCBuildConfiguration;
			buildSettings = {
				ALWAYS_SEARCH_USER_PATHS = NO;
				ASSETCATALOG_COMPILER_GENERATE_SWIFT_ASSET_SYMBOL_EXTENSIONS = YES;
				CLANG_ANALYZER_NONNULL = YES;
				CLANG_ANALYZER_NUMBER_OBJECT_CONVERSION = YES_AGGRESSIVE;
				CLANG_CXX_LANGUAGE_STANDARD = "gnu++20";
				CLANG_ENABLE_MODULES = YES;
				CLANG_ENABLE_OBJC_ARC = YES;
				CLANG_ENABLE_OBJC_WEAK = YES;
				CLANG_WARN_BLOCK_CAPTURE_AUTORELEASING = YES;
				CLANG_WARN_BOOL_CONVERSION = YES;
				CLANG_WARN_COMMA = YES;
				CLANG_WARN_CONSTANT_CONVERSION = YES;
				CLANG_WARN_DEPRECATED_OBJC_IMPLEMENTATIONS = YES;
				CLANG_WARN_DIRECT_OBJC_ISA_USAGE = YES_ERROR;
				CLANG_WARN_DOCUMENTATION_COMMENTS = YES;
				CLANG_WARN_EMPTY_BODY = YES;
				CLANG_WARN_ENUM_CONVERSION = YES;
				CLANG_WARN_INFINITE_RECURSION = YES;
				CLANG_WARN_INT_CONVERSION = YES;
				CLANG_WARN_NON_LITERAL_NULL_CONVERSION = YES;
				CLANG_WARN_OBJC_IMPLICIT_RETAIN_SELF = YES;
				CLANG_WARN_OBJC_LITERAL_CONVERSION = YES;
				CLANG_WARN_OBJC_ROOT_CLASS = YES_ERROR;
				CLANG_WARN_QUOTED_INCLUDE_IN_FRAMEWORK_HEADER = YES;
				CLANG_WARN_RANGE_LOOP_ANALYSIS = YES;
				CLANG_WARN_STRICT_PROTOTYPES = YES;
				CLANG_WARN_SUSPICIOUS_MOVE = YES;
				CLANG_WARN_UNGUARDED_AVAILABILITY = YES_AGGRESSIVE;
				CLANG_WARN_UNREACHABLE_CODE = YES;
				CLANG_WARN__DUPLICATE_METHOD_MATCH = YES;
				COPY_PHASE_STRIP = NO;
				DEBUG_INFORMATION_FORMAT = dwarf;
				ENABLE_STRICT_OBJC_MSGSEND = YES;
				ENABLE_TESTABILITY = YES;
				ENABLE_USER_SCRIPT_SANDBOXING = YES;
				GCC_C_LANGUAGE_STANDARD = gnu17;
				GCC_DYNAMIC_NO_PIC = NO;
				GCC_NO_COMMON_BLOCKS = YES;
				GCC_OPTIMIZATION_LEVEL = 0;
				GCC_PREPROCESSOR_DEFINITIONS = (
					"DEBUG=1",
					"$(inherited)",
				);
				GCC_WARN_64_TO_32_BIT_CONVERSION = YES;
				GCC_WARN_ABOUT_RETURN_TYPE = YES_ERROR;
				GCC_WARN_UNDECLARED_SELECTOR = YES;
				GCC_WARN_UNINITIALIZED_AUTOS = YES_AGGRESSIVE;
				GCC_WARN_UNUSED_FUNCTION = YES;
				GCC_WARN_UNUSED_VARIABLE = YES;
				IPHONEOS_DEPLOYMENT_TARGET = 17.2;
				LOCALIZATION_PREFERS_STRING_CATALOGS = YES;
				MTL_ENABLE_DEBUG_INFO = INCLUDE_SOURCE;
				MTL_FAST_MATH = YES;
				ONLY_ACTIVE_ARCH = YES;
				SDKROOT = iphoneos;
				SWIFT_ACTIVE_COMPILATION_CONDITIONS = "DEBUG $(inherited)";
				SWIFT_OPTIMIZATION_LEVEL = "-Onone";
			};
			name = Debug;
		};
		55882AED2B5BF35000069138 /* Release */ = {
			isa = XCBuildConfiguration;
			buildSettings = {
				ALWAYS_SEARCH_USER_PATHS = NO;
				ASSETCATALOG_COMPILER_GENERATE_SWIFT_ASSET_SYMBOL_EXTENSIONS = YES;
				CLANG_ANALYZER_NONNULL = YES;
				CLANG_ANALYZER_NUMBER_OBJECT_CONVERSION = YES_AGGRESSIVE;
				CLANG_CXX_LANGUAGE_STANDARD = "gnu++20";
				CLANG_ENABLE_MODULES = YES;
				CLANG_ENABLE_OBJC_ARC = YES;
				CLANG_ENABLE_OBJC_WEAK = YES;
				CLANG_WARN_BLOCK_CAPTURE_AUTORELEASING = YES;
				CLANG_WARN_BOOL_CONVERSION = YES;
				CLANG_WARN_COMMA = YES;
				CLANG_WARN_CONSTANT_CONVERSION = YES;
				CLANG_WARN_DEPRECATED_OBJC_IMPLEMENTATIONS = YES;
				CLANG_WARN_DIRECT_OBJC_ISA_USAGE = YES_ERROR;
				CLANG_WARN_DOCUMENTATION_COMMENTS = YES;
				CLANG_WARN_EMPTY_BODY = YES;
				CLANG_WARN_ENUM_CONVERSION = YES;
				CLANG_WARN_INFINITE_RECURSION = YES;
				CLANG_WARN_INT_CONVERSION = YES;
				CLANG_WARN_NON_LITERAL_NULL_CONVERSION = YES;
				CLANG_WARN_OBJC_IMPLICIT_RETAIN_SELF = YES;
				CLANG_WARN_OBJC_LITERAL_CONVERSION = YES;
				CLANG_WARN_OBJC_ROOT_CLASS = YES_ERROR;
				CLANG_WARN_QUOTED_INCLUDE_IN_FRAMEWORK_HEADER = YES;
				CLANG_WARN_RANGE_LOOP_ANALYSIS = YES;
				CLANG_WARN_STRICT_PROTOTYPES = YES;
				CLANG_WARN_SUSPICIOUS_MOVE = YES;
				CLANG_WARN_UNGUARDED_AVAILABILITY = YES_AGGRESSIVE;
				CLANG_WARN_UNREACHABLE_CODE = YES;
				CLANG_WARN__DUPLICATE_METHOD_MATCH = YES;
				COPY_PHASE_STRIP = NO;
				DEBUG_INFORMATION_FORMAT = "dwarf-with-dsym";
				ENABLE_NS_ASSERTIONS = NO;
				ENABLE_STRICT_OBJC_MSGSEND = YES;
				ENABLE_USER_SCRIPT_SANDBOXING = YES;
				GCC_C_LANGUAGE_STANDARD = gnu17;
				GCC_NO_COMMON_BLOCKS = YES;
				GCC_WARN_64_TO_32_BIT_CONVERSION = YES;
				GCC_WARN_ABOUT_RETURN_TYPE = YES_ERROR;
				GCC_WARN_UNDECLARED_SELECTOR = YES;
				GCC_WARN_UNINITIALIZED_AUTOS = YES_AGGRESSIVE;
				GCC_WARN_UNUSED_FUNCTION = YES;
				GCC_WARN_UNUSED_VARIABLE = YES;
				IPHONEOS_DEPLOYMENT_TARGET = 17.2;
				LOCALIZATION_PREFERS_STRING_CATALOGS = YES;
				MTL_ENABLE_DEBUG_INFO = NO;
				MTL_FAST_MATH = YES;
				SDKROOT = iphoneos;
				SWIFT_COMPILATION_MODE = wholemodule;
				VALIDATE_PRODUCT = YES;
			};
			name = Release;
		};
		55882AEF2B5BF35000069138 /* Debug */ = {
			isa = XCBuildConfiguration;
			buildSettings = {
				ASSETCATALOG_COMPILER_APPICON_NAME = AppIcon;
				ASSETCATALOG_COMPILER_GLOBAL_ACCENT_COLOR_NAME = AccentColor;
				CODE_SIGN_STYLE = Automatic;
				CURRENT_PROJECT_VERSION = 1;
				DEVELOPMENT_ASSET_PATHS = "\"Apple-Frameworks/Preview Content\"";
				DEVELOPMENT_TEAM = XSS6B4Z4BD;
				ENABLE_PREVIEWS = YES;
				GENERATE_INFOPLIST_FILE = YES;
				INFOPLIST_KEY_UIApplicationSceneManifest_Generation = YES;
				INFOPLIST_KEY_UIApplicationSupportsIndirectInputEvents = YES;
				INFOPLIST_KEY_UILaunchScreen_Generation = YES;
				INFOPLIST_KEY_UISupportedInterfaceOrientations_iPad = "UIInterfaceOrientationPortrait UIInterfaceOrientationPortraitUpsideDown UIInterfaceOrientationLandscapeLeft UIInterfaceOrientationLandscapeRight";
				INFOPLIST_KEY_UISupportedInterfaceOrientations_iPhone = "UIInterfaceOrientationPortrait UIInterfaceOrientationLandscapeLeft UIInterfaceOrientationLandscapeRight";
				LD_RUNPATH_SEARCH_PATHS = (
					"$(inherited)",
					"@executable_path/Frameworks",
				);
				MARKETING_VERSION = 1.0;
				PRODUCT_BUNDLE_IDENTIFIER = "Dongtaes.Apple-Frameworks";
				PRODUCT_NAME = "$(TARGET_NAME)";
				SWIFT_EMIT_LOC_STRINGS = YES;
				SWIFT_VERSION = 5.0;
				TARGETED_DEVICE_FAMILY = "1,2";
			};
			name = Debug;
		};
		55882AF02B5BF35000069138 /* Release */ = {
			isa = XCBuildConfiguration;
			buildSettings = {
				ASSETCATALOG_COMPILER_APPICON_NAME = AppIcon;
				ASSETCATALOG_COMPILER_GLOBAL_ACCENT_COLOR_NAME = AccentColor;
				CODE_SIGN_STYLE = Automatic;
				CURRENT_PROJECT_VERSION = 1;
				DEVELOPMENT_ASSET_PATHS = "\"Apple-Frameworks/Preview Content\"";
				DEVELOPMENT_TEAM = XSS6B4Z4BD;
				ENABLE_PREVIEWS = YES;
				GENERATE_INFOPLIST_FILE = YES;
				INFOPLIST_KEY_UIApplicationSceneManifest_Generation = YES;
				INFOPLIST_KEY_UIApplicationSupportsIndirectInputEvents = YES;
				INFOPLIST_KEY_UILaunchScreen_Generation = YES;
				INFOPLIST_KEY_UISupportedInterfaceOrientations_iPad = "UIInterfaceOrientationPortrait UIInterfaceOrientationPortraitUpsideDown UIInterfaceOrientationLandscapeLeft UIInterfaceOrientationLandscapeRight";
				INFOPLIST_KEY_UISupportedInterfaceOrientations_iPhone = "UIInterfaceOrientationPortrait UIInterfaceOrientationLandscapeLeft UIInterfaceOrientationLandscapeRight";
				LD_RUNPATH_SEARCH_PATHS = (
					"$(inherited)",
					"@executable_path/Frameworks",
				);
				MARKETING_VERSION = 1.0;
				PRODUCT_BUNDLE_IDENTIFIER = "Dongtaes.Apple-Frameworks";
				PRODUCT_NAME = "$(TARGET_NAME)";
				SWIFT_EMIT_LOC_STRINGS = YES;
				SWIFT_VERSION = 5.0;
				TARGETED_DEVICE_FAMILY = "1,2";
			};
			name = Release;
		};
		55882AF22B5BF35000069138 /* Debug */ = {
			isa = XCBuildConfiguration;
			buildSettings = {
				ALWAYS_EMBED_SWIFT_STANDARD_LIBRARIES = YES;
				BUNDLE_LOADER = "$(TEST_HOST)";
				CODE_SIGN_STYLE = Automatic;
				CURRENT_PROJECT_VERSION = 1;
				DEVELOPMENT_TEAM = XSS6B4Z4BD;
				GENERATE_INFOPLIST_FILE = YES;
				IPHONEOS_DEPLOYMENT_TARGET = 17.2;
				MARKETING_VERSION = 1.0;
				PRODUCT_BUNDLE_IDENTIFIER = "Dongtaes.Apple-FrameworksTests";
				PRODUCT_NAME = "$(TARGET_NAME)";
				SWIFT_EMIT_LOC_STRINGS = NO;
				SWIFT_VERSION = 5.0;
				TARGETED_DEVICE_FAMILY = "1,2";
				TEST_HOST = "$(BUILT_PRODUCTS_DIR)/Apple-Frameworks.app/$(BUNDLE_EXECUTABLE_FOLDER_PATH)/Apple-Frameworks";
			};
			name = Debug;
		};
		55882AF32B5BF35000069138 /* Release */ = {
			isa = XCBuildConfiguration;
			buildSettings = {
				ALWAYS_EMBED_SWIFT_STANDARD_LIBRARIES = YES;
				BUNDLE_LOADER = "$(TEST_HOST)";
				CODE_SIGN_STYLE = Automatic;
				CURRENT_PROJECT_VERSION = 1;
				DEVELOPMENT_TEAM = XSS6B4Z4BD;
				GENERATE_INFOPLIST_FILE = YES;
				IPHONEOS_DEPLOYMENT_TARGET = 17.2;
				MARKETING_VERSION = 1.0;
				PRODUCT_BUNDLE_IDENTIFIER = "Dongtaes.Apple-FrameworksTests";
				PRODUCT_NAME = "$(TARGET_NAME)";
				SWIFT_EMIT_LOC_STRINGS = NO;
				SWIFT_VERSION = 5.0;
				TARGETED_DEVICE_FAMILY = "1,2";
				TEST_HOST = "$(BUILT_PRODUCTS_DIR)/Apple-Frameworks.app/$(BUNDLE_EXECUTABLE_FOLDER_PATH)/Apple-Frameworks";
			};
			name = Release;
		};
		55882AF52B5BF35000069138 /* Debug */ = {
			isa = XCBuildConfiguration;
			buildSettings = {
				ALWAYS_EMBED_SWIFT_STANDARD_LIBRARIES = YES;
				CODE_SIGN_STYLE = Automatic;
				CURRENT_PROJECT_VERSION = 1;
				DEVELOPMENT_TEAM = XSS6B4Z4BD;
				GENERATE_INFOPLIST_FILE = YES;
				MARKETING_VERSION = 1.0;
				PRODUCT_BUNDLE_IDENTIFIER = "Dongtaes.Apple-FrameworksUITests";
				PRODUCT_NAME = "$(TARGET_NAME)";
				SWIFT_EMIT_LOC_STRINGS = NO;
				SWIFT_VERSION = 5.0;
				TARGETED_DEVICE_FAMILY = "1,2";
				TEST_TARGET_NAME = "Apple-Frameworks";
			};
			name = Debug;
		};
		55882AF62B5BF35000069138 /* Release */ = {
			isa = XCBuildConfiguration;
			buildSettings = {
				ALWAYS_EMBED_SWIFT_STANDARD_LIBRARIES = YES;
				CODE_SIGN_STYLE = Automatic;
				CURRENT_PROJECT_VERSION = 1;
				DEVELOPMENT_TEAM = XSS6B4Z4BD;
				GENERATE_INFOPLIST_FILE = YES;
				MARKETING_VERSION = 1.0;
				PRODUCT_BUNDLE_IDENTIFIER = "Dongtaes.Apple-FrameworksUITests";
				PRODUCT_NAME = "$(TARGET_NAME)";
				SWIFT_EMIT_LOC_STRINGS = NO;
				SWIFT_VERSION = 5.0;
				TARGETED_DEVICE_FAMILY = "1,2";
				TEST_TARGET_NAME = "Apple-Frameworks";
			};
			name = Release;
		};
/* End XCBuildConfiguration section */

/* Begin XCConfigurationList section */
		55882AC52B5BF34C00069138 /* Build configuration list for PBXProject "Apple-Frameworks" */ = {
			isa = XCConfigurationList;
			buildConfigurations = (
				55882AEC2B5BF35000069138 /* Debug */,
				55882AED2B5BF35000069138 /* Release */,
			);
			defaultConfigurationIsVisible = 0;
			defaultConfigurationName = Release;
		};
		55882AEE2B5BF35000069138 /* Build configuration list for PBXNativeTarget "Apple-Frameworks" */ = {
			isa = XCConfigurationList;
			buildConfigurations = (
				55882AEF2B5BF35000069138 /* Debug */,
				55882AF02B5BF35000069138 /* Release */,
			);
			defaultConfigurationIsVisible = 0;
			defaultConfigurationName = Release;
		};
		55882AF12B5BF35000069138 /* Build configuration list for PBXNativeTarget "Apple-FrameworksTests" */ = {
			isa = XCConfigurationList;
			buildConfigurations = (
				55882AF22B5BF35000069138 /* Debug */,
				55882AF32B5BF35000069138 /* Release */,
			);
			defaultConfigurationIsVisible = 0;
			defaultConfigurationName = Release;
		};
		55882AF42B5BF35000069138 /* Build configuration list for PBXNativeTarget "Apple-FrameworksUITests" */ = {
			isa = XCConfigurationList;
			buildConfigurations = (
				55882AF52B5BF35000069138 /* Debug */,
				55882AF62B5BF35000069138 /* Release */,
			);
			defaultConfigurationIsVisible = 0;
			defaultConfigurationName = Release;
		};
/* End XCConfigurationList section */
	};
	rootObject = 55882AC22B5BF34C00069138 /* Project object */;
}
